
Microsoft Visual Studio Solution File, Format Version 12.00
# Visual Studio Version 16
VisualStudioVersion = 16.0.31321.278
MinimumVisualStudioVersion = 10.0.40219.1
Project("{FAE04EC0-301F-11D3-BF4B-00C04F79EFBC}") = "FirstApp.Android", "FirstApp\FirstApp.Android\FirstApp.Android.csproj", "{B0605269-CACA-42B5-BC17-C98DD6057380}"
EndProject
Project("{FAE04EC0-301F-11D3-BF4B-00C04F79EFBC}") = "FirstApp.iOS", "FirstApp\FirstApp.iOS\FirstApp.iOS.csproj", "{C187A9A2-422E-4FD5-818A-D9E59D79C0B6}"
EndProject
Project("{FAE04EC0-301F-11D3-BF4B-00C04F79EFBC}") = "FirstApp", "FirstApp\FirstApp\FirstApp.csproj", "{46E73693-71B0-4980-A85A-31B890B29C89}"
EndProject
Global
	GlobalSection(SolutionConfigurationPlatforms) = preSolution
		Debug|Any CPU = Debug|Any CPU
		Debug|iPhone = Debug|iPhone
		Debug|iPhoneSimulator = Debug|iPhoneSimulator
		Release|Any CPU = Release|Any CPU
		Release|iPhone = Release|iPhone
		Release|iPhoneSimulator = Release|iPhoneSimulator
	EndGlobalSection
	GlobalSection(ProjectConfigurationPlatforms) = postSolution
		{B0605269-CACA-42B5-BC17-C98DD6057380}.Debug|Any CPU.ActiveCfg = Debug|Any CPU
		{B0605269-CACA-42B5-BC17-C98DD6057380}.Debug|Any CPU.Build.0 = Debug|Any CPU
		{B0605269-CACA-42B5-BC17-C98DD6057380}.Debug|Any CPU.Deploy.0 = Debug|Any CPU
		{B0605269-CACA-42B5-BC17-C98DD6057380}.Debug|iPhone.ActiveCfg = Debug|Any CPU
		{B0605269-CACA-42B5-BC17-C98DD6057380}.Debug|iPhone.Build.0 = Debug|Any CPU
		{B0605269-CACA-42B5-BC17-C98DD6057380}.Debug|iPhone.Deploy.0 = Debug|Any CPU
		{B0605269-CACA-42B5-BC17-C98DD6057380}.Debug|iPhoneSimulator.ActiveCfg = Debug|Any CPU
		{B0605269-CACA-42B5-BC17-C98DD6057380}.Debug|iPhoneSimulator.Build.0 = Debug|Any CPU
		{B0605269-CACA-42B5-BC17-C98DD6057380}.Debug|iPhoneSimulator.Deploy.0 = Debug|Any CPU
		{B0605269-CACA-42B5-BC17-C98DD6057380}.Release|Any CPU.ActiveCfg = Release|Any CPU
		{B0605269-CACA-42B5-BC17-C98DD6057380}.Release|Any CPU.Build.0 = Release|Any CPU
		{B0605269-CACA-42B5-BC17-C98DD6057380}.Release|Any CPU.Deploy.0 = Release|Any CPU
		{B0605269-CACA-42B5-BC17-C98DD6057380}.Release|iPhone.ActiveCfg = Release|Any CPU
		{B0605269-CACA-42B5-BC17-C98DD6057380}.Release|iPhone.Build.0 = Release|Any CPU
		{B0605269-CACA-42B5-BC17-C98DD6057380}.Release|iPhone.Deploy.0 = Release|Any CPU
		{B0605269-CACA-42B5-BC17-C98DD6057380}.Release|iPhoneSimulator.ActiveCfg = Release|Any CPU
		{B0605269-CACA-42B5-BC17-C98DD6057380}.Release|iPhoneSimulator.Build.0 = Release|Any CPU
		{B0605269-CACA-42B5-BC17-C98DD6057380}.Release|iPhoneSimulator.Deploy.0 = Release|Any CPU
		{C187A9A2-422E-4FD5-818A-D9E59D79C0B6}.Debug|Any CPU.ActiveCfg = Debug|iPhone
		{C187A9A2-422E-4FD5-818A-D9E59D79C0B6}.Debug|Any CPU.Build.0 = Debug|iPhone
		{C187A9A2-422E-4FD5-818A-D9E59D79C0B6}.Debug|Any CPU.Deploy.0 = Debug|iPhone
		{C187A9A2-422E-4FD5-818A-D9E59D79C0B6}.Debug|iPhone.ActiveCfg = Debug|iPhone
		{C187A9A2-422E-4FD5-818A-D9E59D79C0B6}.Debug|iPhone.Build.0 = Debug|iPhone
		{C187A9A2-422E-4FD5-818A-D9E59D79C0B6}.Debug|iPhone.Deploy.0 = Debug|iPhone
		{C187A9A2-422E-4FD5-818A-D9E59D79C0B6}.Debug|iPhoneSimulator.ActiveCfg = Debug|iPhoneSimulator
		{C187A9A2-422E-4FD5-818A-D9E59D79C0B6}.Debug|iPhoneSimulator.Build.0 = Debug|iPhoneSimulator
		{C187A9A2-422E-4FD5-818A-D9E59D79C0B6}.Debug|iPhoneSimulator.Deploy.0 = Debug|iPhoneSimulator
		{C187A9A2-422E-4FD5-818A-D9E59D79C0B6}.Release|Any CPU.ActiveCfg = Release|iPhoneSimulator
		{C187A9A2-422E-4FD5-818A-D9E59D79C0B6}.Release|Any CPU.Build.0 = Release|iPhoneSimulator
		{C187A9A2-422E-4FD5-818A-D9E59D79C0B6}.Release|Any CPU.Deploy.0 = Release|iPhoneSimulator
		{C187A9A2-422E-4FD5-818A-D9E59D79C0B6}.Release|iPhone.ActiveCfg = Release|iPhone
		{C187A9A2-422E-4FD5-818A-D9E59D79C0B6}.Release|iPhone.Build.0 = Release|iPhone
		{C187A9A2-422E-4FD5-818A-D9E59D79C0B6}.Release|iPhone.Deploy.0 = Release|iPhone
		{C187A9A2-422E-4FD5-818A-D9E59D79C0B6}.Release|iPhoneSimulator.ActiveCfg = Release|iPhoneSimulator
		{C187A9A2-422E-4FD5-818A-D9E59D79C0B6}.Release|iPhoneSimulator.Build.0 = Release|iPhoneSimulator
		{C187A9A2-422E-4FD5-818A-D9E59D79C0B6}.Release|iPhoneSimulator.Deploy.0 = Release|iPhoneSimulator
		{46E73693-71B0-4980-A85A-31B890B29C89}.Debug|Any CPU.ActiveCfg = Debug|Any CPU
		{46E73693-71B0-4980-A85A-31B890B29C89}.Debug|Any CPU.Build.0 = Debug|Any CPU
		{46E73693-71B0-4980-A85A-31B890B29C89}.Debug|Any CPU.Deploy.0 = Debug|Any CPU
		{46E73693-71B0-4980-A85A-31B890B29C89}.Debug|iPhone.ActiveCfg = Debug|Any CPU
		{46E73693-71B0-4980-A85A-31B890B29C89}.Debug|iPhone.Build.0 = Debug|Any CPU
		{46E73693-71B0-4980-A85A-31B890B29C89}.Debug|iPhone.Deploy.0 = Debug|Any CPU
		{46E73693-71B0-4980-A85A-31B890B29C89}.Debug|iPhoneSimulator.ActiveCfg = Debug|Any CPU
		{46E73693-71B0-4980-A85A-31B890B29C89}.Debug|iPhoneSimulator.Build.0 = Debug|Any CPU
		{46E73693-71B0-4980-A85A-31B890B29C89}.Debug|iPhoneSimulator.Deploy.0 = Debug|Any CPU
		{46E73693-71B0-4980-A85A-31B890B29C89}.Release|Any CPU.ActiveCfg = Release|Any CPU
		{46E73693-71B0-4980-A85A-31B890B29C89}.Release|Any CPU.Build.0 = Release|Any CPU
		{46E73693-71B0-4980-A85A-31B890B29C89}.Release|Any CPU.Deploy.0 = Release|Any CPU
		{46E73693-71B0-4980-A85A-31B890B29C89}.Release|iPhone.ActiveCfg = Release|Any CPU
		{46E73693-71B0-4980-A85A-31B890B29C89}.Release|iPhone.Build.0 = Release|Any CPU
		{46E73693-71B0-4980-A85A-31B890B29C89}.Release|iPhone.Deploy.0 = Release|Any CPU
		{46E73693-71B0-4980-A85A-31B890B29C89}.Release|iPhoneSimulator.ActiveCfg = Release|Any CPU
		{46E73693-71B0-4980-A85A-31B890B29C89}.Release|iPhoneSimulator.Build.0 = Release|Any CPU
		{46E73693-71B0-4980-A85A-31B890B29C89}.Release|iPhoneSimulator.Deploy.0 = Release|Any CPU
	EndGlobalSection
	GlobalSection(SolutionProperties) = preSolution
		HideSolutionNode = FALSE
	EndGlobalSection
	GlobalSection(ExtensibilityGlobals) = postSolution
		SolutionGuid = {C5384FFF-C038-40FF-B19E-066A04870F50}
	EndGlobalSection
EndGlobal
