
Microsoft Visual Studio Solution File, Format Version 12.00
# Visual Studio Version 16
VisualStudioVersion = 16.0.31410.357
MinimumVisualStudioVersion = 10.0.40219.1
Project("{FAE04EC0-301F-11D3-BF4B-00C04F79EFBC}") = "Calculator.Android", "Calculator\Calculator.Android\Calculator.Android.csproj", "{22A19375-AF54-4A71-971E-5F476D98A2BC}"
EndProject
Project("{FAE04EC0-301F-11D3-BF4B-00C04F79EFBC}") = "Calculator.iOS", "Calculator\Calculator.iOS\Calculator.iOS.csproj", "{8BE3B959-5A10-4F9A-9678-90EE696C1D5C}"
EndProject
Project("{FAE04EC0-301F-11D3-BF4B-00C04F79EFBC}") = "Calculator", "Calculator\Calculator\Calculator.csproj", "{714A14EF-41CF-4911-BF94-589E10D8B9AA}"
EndProject
Global
	GlobalSection(SolutionConfigurationPlatforms) = preSolution
		Debug|Any CPU = Debug|Any CPU
		Debug|iPhone = Debug|iPhone
		Debug|iPhoneSimulator = Debug|iPhoneSimulator
		Release|Any CPU = Release|Any CPU
		Release|iPhone = Release|iPhone
		Release|iPhoneSimulator = Release|iPhoneSimulator
	EndGlobalSection
	GlobalSection(ProjectConfigurationPlatforms) = postSolution
		{22A19375-AF54-4A71-971E-5F476D98A2BC}.Debug|Any CPU.ActiveCfg = Debug|Any CPU
		{22A19375-AF54-4A71-971E-5F476D98A2BC}.Debug|Any CPU.Build.0 = Debug|Any CPU
		{22A19375-AF54-4A71-971E-5F476D98A2BC}.Debug|Any CPU.Deploy.0 = Debug|Any CPU
		{22A19375-AF54-4A71-971E-5F476D98A2BC}.Debug|iPhone.ActiveCfg = Debug|Any CPU
		{22A19375-AF54-4A71-971E-5F476D98A2BC}.Debug|iPhone.Build.0 = Debug|Any CPU
		{22A19375-AF54-4A71-971E-5F476D98A2BC}.Debug|iPhone.Deploy.0 = Debug|Any CPU
		{22A19375-AF54-4A71-971E-5F476D98A2BC}.Debug|iPhoneSimulator.ActiveCfg = Debug|Any CPU
		{22A19375-AF54-4A71-971E-5F476D98A2BC}.Debug|iPhoneSimulator.Build.0 = Debug|Any CPU
		{22A19375-AF54-4A71-971E-5F476D98A2BC}.Debug|iPhoneSimulator.Deploy.0 = Debug|Any CPU
		{22A19375-AF54-4A71-971E-5F476D98A2BC}.Release|Any CPU.ActiveCfg = Release|Any CPU
		{22A19375-AF54-4A71-971E-5F476D98A2BC}.Release|Any CPU.Build.0 = Release|Any CPU
		{22A19375-AF54-4A71-971E-5F476D98A2BC}.Release|Any CPU.Deploy.0 = Release|Any CPU
		{22A19375-AF54-4A71-971E-5F476D98A2BC}.Release|iPhone.ActiveCfg = Release|Any CPU
		{22A19375-AF54-4A71-971E-5F476D98A2BC}.Release|iPhone.Build.0 = Release|Any CPU
		{22A19375-AF54-4A71-971E-5F476D98A2BC}.Release|iPhone.Deploy.0 = Release|Any CPU
		{22A19375-AF54-4A71-971E-5F476D98A2BC}.Release|iPhoneSimulator.ActiveCfg = Release|Any CPU
		{22A19375-AF54-4A71-971E-5F476D98A2BC}.Release|iPhoneSimulator.Build.0 = Release|Any CPU
		{22A19375-AF54-4A71-971E-5F476D98A2BC}.Release|iPhoneSimulator.Deploy.0 = Release|Any CPU
		{8BE3B959-5A10-4F9A-9678-90EE696C1D5C}.Debug|Any CPU.ActiveCfg = Debug|iPhone
		{8BE3B959-5A10-4F9A-9678-90EE696C1D5C}.Debug|Any CPU.Build.0 = Debug|iPhone
		{8BE3B959-5A10-4F9A-9678-90EE696C1D5C}.Debug|Any CPU.Deploy.0 = Debug|iPhone
		{8BE3B959-5A10-4F9A-9678-90EE696C1D5C}.Debug|iPhone.ActiveCfg = Debug|iPhone
		{8BE3B959-5A10-4F9A-9678-90EE696C1D5C}.Debug|iPhone.Build.0 = Debug|iPhone
		{8BE3B959-5A10-4F9A-9678-90EE696C1D5C}.Debug|iPhone.Deploy.0 = Debug|iPhone
		{8BE3B959-5A10-4F9A-9678-90EE696C1D5C}.Debug|iPhoneSimulator.ActiveCfg = Debug|iPhoneSimulator
		{8BE3B959-5A10-4F9A-9678-90EE696C1D5C}.Debug|iPhoneSimulator.Build.0 = Debug|iPhoneSimulator
		{8BE3B959-5A10-4F9A-9678-90EE696C1D5C}.Debug|iPhoneSimulator.Deploy.0 = Debug|iPhoneSimulator
		{8BE3B959-5A10-4F9A-9678-90EE696C1D5C}.Release|Any CPU.ActiveCfg = Release|iPhoneSimulator
		{8BE3B959-5A10-4F9A-9678-90EE696C1D5C}.Release|Any CPU.Build.0 = Release|iPhoneSimulator
		{8BE3B959-5A10-4F9A-9678-90EE696C1D5C}.Release|Any CPU.Deploy.0 = Release|iPhoneSimulator
		{8BE3B959-5A10-4F9A-9678-90EE696C1D5C}.Release|iPhone.ActiveCfg = Release|iPhone
		{8BE3B959-5A10-4F9A-9678-90EE696C1D5C}.Release|iPhone.Build.0 = Release|iPhone
		{8BE3B959-5A10-4F9A-9678-90EE696C1D5C}.Release|iPhone.Deploy.0 = Release|iPhone
		{8BE3B959-5A10-4F9A-9678-90EE696C1D5C}.Release|iPhoneSimulator.ActiveCfg = Release|iPhoneSimulator
		{8BE3B959-5A10-4F9A-9678-90EE696C1D5C}.Release|iPhoneSimulator.Build.0 = Release|iPhoneSimulator
		{8BE3B959-5A10-4F9A-9678-90EE696C1D5C}.Release|iPhoneSimulator.Deploy.0 = Release|iPhoneSimulator
		{714A14EF-41CF-4911-BF94-589E10D8B9AA}.Debug|Any CPU.ActiveCfg = Debug|Any CPU
		{714A14EF-41CF-4911-BF94-589E10D8B9AA}.Debug|Any CPU.Build.0 = Debug|Any CPU
		{714A14EF-41CF-4911-BF94-589E10D8B9AA}.Debug|Any CPU.Deploy.0 = Debug|Any CPU
		{714A14EF-41CF-4911-BF94-589E10D8B9AA}.Debug|iPhone.ActiveCfg = Debug|Any CPU
		{714A14EF-41CF-4911-BF94-589E10D8B9AA}.Debug|iPhone.Build.0 = Debug|Any CPU
		{714A14EF-41CF-4911-BF94-589E10D8B9AA}.Debug|iPhone.Deploy.0 = Debug|Any CPU
		{714A14EF-41CF-4911-BF94-589E10D8B9AA}.Debug|iPhoneSimulator.ActiveCfg = Debug|Any CPU
		{714A14EF-41CF-4911-BF94-589E10D8B9AA}.Debug|iPhoneSimulator.Build.0 = Debug|Any CPU
		{714A14EF-41CF-4911-BF94-589E10D8B9AA}.Debug|iPhoneSimulator.Deploy.0 = Debug|Any CPU
		{714A14EF-41CF-4911-BF94-589E10D8B9AA}.Release|Any CPU.ActiveCfg = Release|Any CPU
		{714A14EF-41CF-4911-BF94-589E10D8B9AA}.Release|Any CPU.Build.0 = Release|Any CPU
		{714A14EF-41CF-4911-BF94-589E10D8B9AA}.Release|Any CPU.Deploy.0 = Release|Any CPU
		{714A14EF-41CF-4911-BF94-589E10D8B9AA}.Release|iPhone.ActiveCfg = Release|Any CPU
		{714A14EF-41CF-4911-BF94-589E10D8B9AA}.Release|iPhone.Build.0 = Release|Any CPU
		{714A14EF-41CF-4911-BF94-589E10D8B9AA}.Release|iPhone.Deploy.0 = Release|Any CPU
		{714A14EF-41CF-4911-BF94-589E10D8B9AA}.Release|iPhoneSimulator.ActiveCfg = Release|Any CPU
		{714A14EF-41CF-4911-BF94-589E10D8B9AA}.Release|iPhoneSimulator.Build.0 = Release|Any CPU
		{714A14EF-41CF-4911-BF94-589E10D8B9AA}.Release|iPhoneSimulator.Deploy.0 = Release|Any CPU
	EndGlobalSection
	GlobalSection(SolutionProperties) = preSolution
		HideSolutionNode = FALSE
	EndGlobalSection
	GlobalSection(ExtensibilityGlobals) = postSolution
		SolutionGuid = {187D79CF-B073-4E47-A798-10F1957C496C}
	EndGlobalSection
EndGlobal
