
Microsoft Visual Studio Solution File, Format Version 12.00
# Visual Studio Version 16
VisualStudioVersion = 16.0.30907.101
MinimumVisualStudioVersion = 10.0.40219.1
Project("{FAE04EC0-301F-11D3-BF4B-00C04F79EFBC}") = "MVCRepositoryApp", "MVCRepositoryApp\MVCRepositoryApp.csproj", "{D7C38244-0800-4CFA-A364-612B774C1334}"
EndProject
Global
	GlobalSection(SolutionConfigurationPlatforms) = preSolution
		Debug|Any CPU = Debug|Any CPU
		Release|Any CPU = Release|Any CPU
	EndGlobalSection
	GlobalSection(ProjectConfigurationPlatforms) = postSolution
		{D7C38244-0800-4CFA-A364-612B774C1334}.Debug|Any CPU.ActiveCfg = Debug|Any CPU
		{D7C38244-0800-4CFA-A364-612B774C1334}.Debug|Any CPU.Build.0 = Debug|Any CPU
		{D7C38244-0800-4CFA-A364-612B774C1334}.Release|Any CPU.ActiveCfg = Release|Any CPU
		{D7C38244-0800-4CFA-A364-612B774C1334}.Release|Any CPU.Build.0 = Release|Any CPU
	EndGlobalSection
	GlobalSection(SolutionProperties) = preSolution
		HideSolutionNode = FALSE
	EndGlobalSection
	GlobalSection(ExtensibilityGlobals) = postSolution
		SolutionGuid = {87C93C6F-4410-434D-9D33-C49772F31091}
	EndGlobalSection
EndGlobal
