
Microsoft Visual Studio Solution File, Format Version 12.00
# Visual Studio Version 16
VisualStudioVersion = 16.0.31410.357
MinimumVisualStudioVersion = 10.0.40219.1
Project("{FAE04EC0-301F-11D3-BF4B-00C04F79EFBC}") = "XamarinControlApp.Android", "XamarinControlApp\XamarinControlApp.Android\XamarinControlApp.Android.csproj", "{C1C002E3-C6F9-4A4B-B47C-E7221EF676DE}"
EndProject
Project("{FAE04EC0-301F-11D3-BF4B-00C04F79EFBC}") = "XamarinControlApp.iOS", "XamarinControlApp\XamarinControlApp.iOS\XamarinControlApp.iOS.csproj", "{421C5A2B-AC80-4E80-8548-A8F47ED8E817}"
EndProject
Project("{FAE04EC0-301F-11D3-BF4B-00C04F79EFBC}") = "XamarinControlApp", "XamarinControlApp\XamarinControlApp\XamarinControlApp.csproj", "{4E19A3D7-88A2-4103-A93E-C25FEA3AA88C}"
EndProject
Global
	GlobalSection(SolutionConfigurationPlatforms) = preSolution
		Debug|Any CPU = Debug|Any CPU
		Debug|iPhone = Debug|iPhone
		Debug|iPhoneSimulator = Debug|iPhoneSimulator
		Release|Any CPU = Release|Any CPU
		Release|iPhone = Release|iPhone
		Release|iPhoneSimulator = Release|iPhoneSimulator
	EndGlobalSection
	GlobalSection(ProjectConfigurationPlatforms) = postSolution
		{C1C002E3-C6F9-4A4B-B47C-E7221EF676DE}.Debug|Any CPU.ActiveCfg = Debug|Any CPU
		{C1C002E3-C6F9-4A4B-B47C-E7221EF676DE}.Debug|Any CPU.Build.0 = Debug|Any CPU
		{C1C002E3-C6F9-4A4B-B47C-E7221EF676DE}.Debug|Any CPU.Deploy.0 = Debug|Any CPU
		{C1C002E3-C6F9-4A4B-B47C-E7221EF676DE}.Debug|iPhone.ActiveCfg = Debug|Any CPU
		{C1C002E3-C6F9-4A4B-B47C-E7221EF676DE}.Debug|iPhone.Build.0 = Debug|Any CPU
		{C1C002E3-C6F9-4A4B-B47C-E7221EF676DE}.Debug|iPhone.Deploy.0 = Debug|Any CPU
		{C1C002E3-C6F9-4A4B-B47C-E7221EF676DE}.Debug|iPhoneSimulator.ActiveCfg = Debug|Any CPU
		{C1C002E3-C6F9-4A4B-B47C-E7221EF676DE}.Debug|iPhoneSimulator.Build.0 = Debug|Any CPU
		{C1C002E3-C6F9-4A4B-B47C-E7221EF676DE}.Debug|iPhoneSimulator.Deploy.0 = Debug|Any CPU
		{C1C002E3-C6F9-4A4B-B47C-E7221EF676DE}.Release|Any CPU.ActiveCfg = Release|Any CPU
		{C1C002E3-C6F9-4A4B-B47C-E7221EF676DE}.Release|Any CPU.Build.0 = Release|Any CPU
		{C1C002E3-C6F9-4A4B-B47C-E7221EF676DE}.Release|Any CPU.Deploy.0 = Release|Any CPU
		{C1C002E3-C6F9-4A4B-B47C-E7221EF676DE}.Release|iPhone.ActiveCfg = Release|Any CPU
		{C1C002E3-C6F9-4A4B-B47C-E7221EF676DE}.Release|iPhone.Build.0 = Release|Any CPU
		{C1C002E3-C6F9-4A4B-B47C-E7221EF676DE}.Release|iPhone.Deploy.0 = Release|Any CPU
		{C1C002E3-C6F9-4A4B-B47C-E7221EF676DE}.Release|iPhoneSimulator.ActiveCfg = Release|Any CPU
		{C1C002E3-C6F9-4A4B-B47C-E7221EF676DE}.Release|iPhoneSimulator.Build.0 = Release|Any CPU
		{C1C002E3-C6F9-4A4B-B47C-E7221EF676DE}.Release|iPhoneSimulator.Deploy.0 = Release|Any CPU
		{421C5A2B-AC80-4E80-8548-A8F47ED8E817}.Debug|Any CPU.ActiveCfg = Debug|iPhone
		{421C5A2B-AC80-4E80-8548-A8F47ED8E817}.Debug|Any CPU.Build.0 = Debug|iPhone
		{421C5A2B-AC80-4E80-8548-A8F47ED8E817}.Debug|Any CPU.Deploy.0 = Debug|iPhone
		{421C5A2B-AC80-4E80-8548-A8F47ED8E817}.Debug|iPhone.ActiveCfg = Debug|iPhone
		{421C5A2B-AC80-4E80-8548-A8F47ED8E817}.Debug|iPhone.Build.0 = Debug|iPhone
		{421C5A2B-AC80-4E80-8548-A8F47ED8E817}.Debug|iPhone.Deploy.0 = Debug|iPhone
		{421C5A2B-AC80-4E80-8548-A8F47ED8E817}.Debug|iPhoneSimulator.ActiveCfg = Debug|iPhoneSimulator
		{421C5A2B-AC80-4E80-8548-A8F47ED8E817}.Debug|iPhoneSimulator.Build.0 = Debug|iPhoneSimulator
		{421C5A2B-AC80-4E80-8548-A8F47ED8E817}.Debug|iPhoneSimulator.Deploy.0 = Debug|iPhoneSimulator
		{421C5A2B-AC80-4E80-8548-A8F47ED8E817}.Release|Any CPU.ActiveCfg = Release|iPhoneSimulator
		{421C5A2B-AC80-4E80-8548-A8F47ED8E817}.Release|Any CPU.Build.0 = Release|iPhoneSimulator
		{421C5A2B-AC80-4E80-8548-A8F47ED8E817}.Release|Any CPU.Deploy.0 = Release|iPhoneSimulator
		{421C5A2B-AC80-4E80-8548-A8F47ED8E817}.Release|iPhone.ActiveCfg = Release|iPhone
		{421C5A2B-AC80-4E80-8548-A8F47ED8E817}.Release|iPhone.Build.0 = Release|iPhone
		{421C5A2B-AC80-4E80-8548-A8F47ED8E817}.Release|iPhone.Deploy.0 = Release|iPhone
		{421C5A2B-AC80-4E80-8548-A8F47ED8E817}.Release|iPhoneSimulator.ActiveCfg = Release|iPhoneSimulator
		{421C5A2B-AC80-4E80-8548-A8F47ED8E817}.Release|iPhoneSimulator.Build.0 = Release|iPhoneSimulator
		{421C5A2B-AC80-4E80-8548-A8F47ED8E817}.Release|iPhoneSimulator.Deploy.0 = Release|iPhoneSimulator
		{4E19A3D7-88A2-4103-A93E-C25FEA3AA88C}.Debug|Any CPU.ActiveCfg = Debug|Any CPU
		{4E19A3D7-88A2-4103-A93E-C25FEA3AA88C}.Debug|Any CPU.Build.0 = Debug|Any CPU
		{4E19A3D7-88A2-4103-A93E-C25FEA3AA88C}.Debug|Any CPU.Deploy.0 = Debug|Any CPU
		{4E19A3D7-88A2-4103-A93E-C25FEA3AA88C}.Debug|iPhone.ActiveCfg = Debug|Any CPU
		{4E19A3D7-88A2-4103-A93E-C25FEA3AA88C}.Debug|iPhone.Build.0 = Debug|Any CPU
		{4E19A3D7-88A2-4103-A93E-C25FEA3AA88C}.Debug|iPhone.Deploy.0 = Debug|Any CPU
		{4E19A3D7-88A2-4103-A93E-C25FEA3AA88C}.Debug|iPhoneSimulator.ActiveCfg = Debug|Any CPU
		{4E19A3D7-88A2-4103-A93E-C25FEA3AA88C}.Debug|iPhoneSimulator.Build.0 = Debug|Any CPU
		{4E19A3D7-88A2-4103-A93E-C25FEA3AA88C}.Debug|iPhoneSimulator.Deploy.0 = Debug|Any CPU
		{4E19A3D7-88A2-4103-A93E-C25FEA3AA88C}.Release|Any CPU.ActiveCfg = Release|Any CPU
		{4E19A3D7-88A2-4103-A93E-C25FEA3AA88C}.Release|Any CPU.Build.0 = Release|Any CPU
		{4E19A3D7-88A2-4103-A93E-C25FEA3AA88C}.Release|Any CPU.Deploy.0 = Release|Any CPU
		{4E19A3D7-88A2-4103-A93E-C25FEA3AA88C}.Release|iPhone.ActiveCfg = Release|Any CPU
		{4E19A3D7-88A2-4103-A93E-C25FEA3AA88C}.Release|iPhone.Build.0 = Release|Any CPU
		{4E19A3D7-88A2-4103-A93E-C25FEA3AA88C}.Release|iPhone.Deploy.0 = Release|Any CPU
		{4E19A3D7-88A2-4103-A93E-C25FEA3AA88C}.Release|iPhoneSimulator.ActiveCfg = Release|Any CPU
		{4E19A3D7-88A2-4103-A93E-C25FEA3AA88C}.Release|iPhoneSimulator.Build.0 = Release|Any CPU
		{4E19A3D7-88A2-4103-A93E-C25FEA3AA88C}.Release|iPhoneSimulator.Deploy.0 = Release|Any CPU
	EndGlobalSection
	GlobalSection(SolutionProperties) = preSolution
		HideSolutionNode = FALSE
	EndGlobalSection
	GlobalSection(ExtensibilityGlobals) = postSolution
		SolutionGuid = {64F76C58-544A-4DB9-A911-20BE1C78B1BE}
	EndGlobalSection
EndGlobal
