
Microsoft Visual Studio Solution File, Format Version 12.00
# Visual Studio Version 16
VisualStudioVersion = 16.0.31410.357
MinimumVisualStudioVersion = 10.0.40219.1
Project("{FAE04EC0-301F-11D3-BF4B-00C04F79EFBC}") = "RatingApp.Android", "RatingApp\RatingApp.Android\RatingApp.Android.csproj", "{C79F0045-F230-4CE8-B075-4FCF976CBA4F}"
EndProject
Project("{FAE04EC0-301F-11D3-BF4B-00C04F79EFBC}") = "RatingApp.iOS", "RatingApp\RatingApp.iOS\RatingApp.iOS.csproj", "{2A13E55F-EAC9-4706-B5DC-729A43F1A268}"
EndProject
Project("{FAE04EC0-301F-11D3-BF4B-00C04F79EFBC}") = "RatingApp", "RatingApp\RatingApp\RatingApp.csproj", "{2763B49F-0BE0-48B4-8566-326DCF76E86E}"
EndProject
Global
	GlobalSection(SolutionConfigurationPlatforms) = preSolution
		Debug|Any CPU = Debug|Any CPU
		Debug|iPhone = Debug|iPhone
		Debug|iPhoneSimulator = Debug|iPhoneSimulator
		Release|Any CPU = Release|Any CPU
		Release|iPhone = Release|iPhone
		Release|iPhoneSimulator = Release|iPhoneSimulator
	EndGlobalSection
	GlobalSection(ProjectConfigurationPlatforms) = postSolution
		{C79F0045-F230-4CE8-B075-4FCF976CBA4F}.Debug|Any CPU.ActiveCfg = Debug|Any CPU
		{C79F0045-F230-4CE8-B075-4FCF976CBA4F}.Debug|Any CPU.Build.0 = Debug|Any CPU
		{C79F0045-F230-4CE8-B075-4FCF976CBA4F}.Debug|Any CPU.Deploy.0 = Debug|Any CPU
		{C79F0045-F230-4CE8-B075-4FCF976CBA4F}.Debug|iPhone.ActiveCfg = Debug|Any CPU
		{C79F0045-F230-4CE8-B075-4FCF976CBA4F}.Debug|iPhone.Build.0 = Debug|Any CPU
		{C79F0045-F230-4CE8-B075-4FCF976CBA4F}.Debug|iPhone.Deploy.0 = Debug|Any CPU
		{C79F0045-F230-4CE8-B075-4FCF976CBA4F}.Debug|iPhoneSimulator.ActiveCfg = Debug|Any CPU
		{C79F0045-F230-4CE8-B075-4FCF976CBA4F}.Debug|iPhoneSimulator.Build.0 = Debug|Any CPU
		{C79F0045-F230-4CE8-B075-4FCF976CBA4F}.Debug|iPhoneSimulator.Deploy.0 = Debug|Any CPU
		{C79F0045-F230-4CE8-B075-4FCF976CBA4F}.Release|Any CPU.ActiveCfg = Release|Any CPU
		{C79F0045-F230-4CE8-B075-4FCF976CBA4F}.Release|Any CPU.Build.0 = Release|Any CPU
		{C79F0045-F230-4CE8-B075-4FCF976CBA4F}.Release|Any CPU.Deploy.0 = Release|Any CPU
		{C79F0045-F230-4CE8-B075-4FCF976CBA4F}.Release|iPhone.ActiveCfg = Release|Any CPU
		{C79F0045-F230-4CE8-B075-4FCF976CBA4F}.Release|iPhone.Build.0 = Release|Any CPU
		{C79F0045-F230-4CE8-B075-4FCF976CBA4F}.Release|iPhone.Deploy.0 = Release|Any CPU
		{C79F0045-F230-4CE8-B075-4FCF976CBA4F}.Release|iPhoneSimulator.ActiveCfg = Release|Any CPU
		{C79F0045-F230-4CE8-B075-4FCF976CBA4F}.Release|iPhoneSimulator.Build.0 = Release|Any CPU
		{C79F0045-F230-4CE8-B075-4FCF976CBA4F}.Release|iPhoneSimulator.Deploy.0 = Release|Any CPU
		{2A13E55F-EAC9-4706-B5DC-729A43F1A268}.Debug|Any CPU.ActiveCfg = Debug|iPhone
		{2A13E55F-EAC9-4706-B5DC-729A43F1A268}.Debug|Any CPU.Build.0 = Debug|iPhone
		{2A13E55F-EAC9-4706-B5DC-729A43F1A268}.Debug|Any CPU.Deploy.0 = Debug|iPhone
		{2A13E55F-EAC9-4706-B5DC-729A43F1A268}.Debug|iPhone.ActiveCfg = Debug|iPhone
		{2A13E55F-EAC9-4706-B5DC-729A43F1A268}.Debug|iPhone.Build.0 = Debug|iPhone
		{2A13E55F-EAC9-4706-B5DC-729A43F1A268}.Debug|iPhone.Deploy.0 = Debug|iPhone
		{2A13E55F-EAC9-4706-B5DC-729A43F1A268}.Debug|iPhoneSimulator.ActiveCfg = Debug|iPhoneSimulator
		{2A13E55F-EAC9-4706-B5DC-729A43F1A268}.Debug|iPhoneSimulator.Build.0 = Debug|iPhoneSimulator
		{2A13E55F-EAC9-4706-B5DC-729A43F1A268}.Debug|iPhoneSimulator.Deploy.0 = Debug|iPhoneSimulator
		{2A13E55F-EAC9-4706-B5DC-729A43F1A268}.Release|Any CPU.ActiveCfg = Release|iPhoneSimulator
		{2A13E55F-EAC9-4706-B5DC-729A43F1A268}.Release|Any CPU.Build.0 = Release|iPhoneSimulator
		{2A13E55F-EAC9-4706-B5DC-729A43F1A268}.Release|Any CPU.Deploy.0 = Release|iPhoneSimulator
		{2A13E55F-EAC9-4706-B5DC-729A43F1A268}.Release|iPhone.ActiveCfg = Release|iPhone
		{2A13E55F-EAC9-4706-B5DC-729A43F1A268}.Release|iPhone.Build.0 = Release|iPhone
		{2A13E55F-EAC9-4706-B5DC-729A43F1A268}.Release|iPhone.Deploy.0 = Release|iPhone
		{2A13E55F-EAC9-4706-B5DC-729A43F1A268}.Release|iPhoneSimulator.ActiveCfg = Release|iPhoneSimulator
		{2A13E55F-EAC9-4706-B5DC-729A43F1A268}.Release|iPhoneSimulator.Build.0 = Release|iPhoneSimulator
		{2A13E55F-EAC9-4706-B5DC-729A43F1A268}.Release|iPhoneSimulator.Deploy.0 = Release|iPhoneSimulator
		{2763B49F-0BE0-48B4-8566-326DCF76E86E}.Debug|Any CPU.ActiveCfg = Debug|Any CPU
		{2763B49F-0BE0-48B4-8566-326DCF76E86E}.Debug|Any CPU.Build.0 = Debug|Any CPU
		{2763B49F-0BE0-48B4-8566-326DCF76E86E}.Debug|Any CPU.Deploy.0 = Debug|Any CPU
		{2763B49F-0BE0-48B4-8566-326DCF76E86E}.Debug|iPhone.ActiveCfg = Debug|Any CPU
		{2763B49F-0BE0-48B4-8566-326DCF76E86E}.Debug|iPhone.Build.0 = Debug|Any CPU
		{2763B49F-0BE0-48B4-8566-326DCF76E86E}.Debug|iPhone.Deploy.0 = Debug|Any CPU
		{2763B49F-0BE0-48B4-8566-326DCF76E86E}.Debug|iPhoneSimulator.ActiveCfg = Debug|Any CPU
		{2763B49F-0BE0-48B4-8566-326DCF76E86E}.Debug|iPhoneSimulator.Build.0 = Debug|Any CPU
		{2763B49F-0BE0-48B4-8566-326DCF76E86E}.Debug|iPhoneSimulator.Deploy.0 = Debug|Any CPU
		{2763B49F-0BE0-48B4-8566-326DCF76E86E}.Release|Any CPU.ActiveCfg = Release|Any CPU
		{2763B49F-0BE0-48B4-8566-326DCF76E86E}.Release|Any CPU.Build.0 = Release|Any CPU
		{2763B49F-0BE0-48B4-8566-326DCF76E86E}.Release|Any CPU.Deploy.0 = Release|Any CPU
		{2763B49F-0BE0-48B4-8566-326DCF76E86E}.Release|iPhone.ActiveCfg = Release|Any CPU
		{2763B49F-0BE0-48B4-8566-326DCF76E86E}.Release|iPhone.Build.0 = Release|Any CPU
		{2763B49F-0BE0-48B4-8566-326DCF76E86E}.Release|iPhone.Deploy.0 = Release|Any CPU
		{2763B49F-0BE0-48B4-8566-326DCF76E86E}.Release|iPhoneSimulator.ActiveCfg = Release|Any CPU
		{2763B49F-0BE0-48B4-8566-326DCF76E86E}.Release|iPhoneSimulator.Build.0 = Release|Any CPU
		{2763B49F-0BE0-48B4-8566-326DCF76E86E}.Release|iPhoneSimulator.Deploy.0 = Release|Any CPU
	EndGlobalSection
	GlobalSection(SolutionProperties) = preSolution
		HideSolutionNode = FALSE
	EndGlobalSection
	GlobalSection(ExtensibilityGlobals) = postSolution
		SolutionGuid = {679FF7F0-42B7-4174-B4E1-7AA4B86F5D37}
	EndGlobalSection
EndGlobal
