
Microsoft Visual Studio Solution File, Format Version 12.00
# Visual Studio Version 16
VisualStudioVersion = 16.0.31410.357
MinimumVisualStudioVersion = 10.0.40219.1
Project("{FAE04EC0-301F-11D3-BF4B-00C04F79EFBC}") = "XamarinFirebaseApp.Android", "XamarinFirebaseApp\XamarinFirebaseApp.Android\XamarinFirebaseApp.Android.csproj", "{DA701B75-FEF7-4EDD-934B-510C2BDA1627}"
EndProject
Project("{FAE04EC0-301F-11D3-BF4B-00C04F79EFBC}") = "XamarinFirebaseApp.iOS", "XamarinFirebaseApp\XamarinFirebaseApp.iOS\XamarinFirebaseApp.iOS.csproj", "{423D05AD-18FE-4B01-A8E3-63A20B66CDCE}"
EndProject
Project("{FAE04EC0-301F-11D3-BF4B-00C04F79EFBC}") = "XamarinFirebaseApp", "XamarinFirebaseApp\XamarinFirebaseApp\XamarinFirebaseApp.csproj", "{61057330-BF94-4C47-A3BC-494BD48217E6}"
EndProject
Global
	GlobalSection(SolutionConfigurationPlatforms) = preSolution
		Debug|Any CPU = Debug|Any CPU
		Debug|iPhone = Debug|iPhone
		Debug|iPhoneSimulator = Debug|iPhoneSimulator
		Release|Any CPU = Release|Any CPU
		Release|iPhone = Release|iPhone
		Release|iPhoneSimulator = Release|iPhoneSimulator
	EndGlobalSection
	GlobalSection(ProjectConfigurationPlatforms) = postSolution
		{DA701B75-FEF7-4EDD-934B-510C2BDA1627}.Debug|Any CPU.ActiveCfg = Debug|Any CPU
		{DA701B75-FEF7-4EDD-934B-510C2BDA1627}.Debug|Any CPU.Build.0 = Debug|Any CPU
		{DA701B75-FEF7-4EDD-934B-510C2BDA1627}.Debug|Any CPU.Deploy.0 = Debug|Any CPU
		{DA701B75-FEF7-4EDD-934B-510C2BDA1627}.Debug|iPhone.ActiveCfg = Debug|Any CPU
		{DA701B75-FEF7-4EDD-934B-510C2BDA1627}.Debug|iPhone.Build.0 = Debug|Any CPU
		{DA701B75-FEF7-4EDD-934B-510C2BDA1627}.Debug|iPhone.Deploy.0 = Debug|Any CPU
		{DA701B75-FEF7-4EDD-934B-510C2BDA1627}.Debug|iPhoneSimulator.ActiveCfg = Debug|Any CPU
		{DA701B75-FEF7-4EDD-934B-510C2BDA1627}.Debug|iPhoneSimulator.Build.0 = Debug|Any CPU
		{DA701B75-FEF7-4EDD-934B-510C2BDA1627}.Debug|iPhoneSimulator.Deploy.0 = Debug|Any CPU
		{DA701B75-FEF7-4EDD-934B-510C2BDA1627}.Release|Any CPU.ActiveCfg = Release|Any CPU
		{DA701B75-FEF7-4EDD-934B-510C2BDA1627}.Release|Any CPU.Build.0 = Release|Any CPU
		{DA701B75-FEF7-4EDD-934B-510C2BDA1627}.Release|Any CPU.Deploy.0 = Release|Any CPU
		{DA701B75-FEF7-4EDD-934B-510C2BDA1627}.Release|iPhone.ActiveCfg = Release|Any CPU
		{DA701B75-FEF7-4EDD-934B-510C2BDA1627}.Release|iPhone.Build.0 = Release|Any CPU
		{DA701B75-FEF7-4EDD-934B-510C2BDA1627}.Release|iPhone.Deploy.0 = Release|Any CPU
		{DA701B75-FEF7-4EDD-934B-510C2BDA1627}.Release|iPhoneSimulator.ActiveCfg = Release|Any CPU
		{DA701B75-FEF7-4EDD-934B-510C2BDA1627}.Release|iPhoneSimulator.Build.0 = Release|Any CPU
		{DA701B75-FEF7-4EDD-934B-510C2BDA1627}.Release|iPhoneSimulator.Deploy.0 = Release|Any CPU
		{423D05AD-18FE-4B01-A8E3-63A20B66CDCE}.Debug|Any CPU.ActiveCfg = Debug|iPhone
		{423D05AD-18FE-4B01-A8E3-63A20B66CDCE}.Debug|Any CPU.Build.0 = Debug|iPhone
		{423D05AD-18FE-4B01-A8E3-63A20B66CDCE}.Debug|Any CPU.Deploy.0 = Debug|iPhone
		{423D05AD-18FE-4B01-A8E3-63A20B66CDCE}.Debug|iPhone.ActiveCfg = Debug|iPhone
		{423D05AD-18FE-4B01-A8E3-63A20B66CDCE}.Debug|iPhone.Build.0 = Debug|iPhone
		{423D05AD-18FE-4B01-A8E3-63A20B66CDCE}.Debug|iPhone.Deploy.0 = Debug|iPhone
		{423D05AD-18FE-4B01-A8E3-63A20B66CDCE}.Debug|iPhoneSimulator.ActiveCfg = Debug|iPhoneSimulator
		{423D05AD-18FE-4B01-A8E3-63A20B66CDCE}.Debug|iPhoneSimulator.Build.0 = Debug|iPhoneSimulator
		{423D05AD-18FE-4B01-A8E3-63A20B66CDCE}.Debug|iPhoneSimulator.Deploy.0 = Debug|iPhoneSimulator
		{423D05AD-18FE-4B01-A8E3-63A20B66CDCE}.Release|Any CPU.ActiveCfg = Release|iPhoneSimulator
		{423D05AD-18FE-4B01-A8E3-63A20B66CDCE}.Release|Any CPU.Build.0 = Release|iPhoneSimulator
		{423D05AD-18FE-4B01-A8E3-63A20B66CDCE}.Release|Any CPU.Deploy.0 = Release|iPhoneSimulator
		{423D05AD-18FE-4B01-A8E3-63A20B66CDCE}.Release|iPhone.ActiveCfg = Release|iPhone
		{423D05AD-18FE-4B01-A8E3-63A20B66CDCE}.Release|iPhone.Build.0 = Release|iPhone
		{423D05AD-18FE-4B01-A8E3-63A20B66CDCE}.Release|iPhone.Deploy.0 = Release|iPhone
		{423D05AD-18FE-4B01-A8E3-63A20B66CDCE}.Release|iPhoneSimulator.ActiveCfg = Release|iPhoneSimulator
		{423D05AD-18FE-4B01-A8E3-63A20B66CDCE}.Release|iPhoneSimulator.Build.0 = Release|iPhoneSimulator
		{423D05AD-18FE-4B01-A8E3-63A20B66CDCE}.Release|iPhoneSimulator.Deploy.0 = Release|iPhoneSimulator
		{61057330-BF94-4C47-A3BC-494BD48217E6}.Debug|Any CPU.ActiveCfg = Debug|Any CPU
		{61057330-BF94-4C47-A3BC-494BD48217E6}.Debug|Any CPU.Build.0 = Debug|Any CPU
		{61057330-BF94-4C47-A3BC-494BD48217E6}.Debug|Any CPU.Deploy.0 = Debug|Any CPU
		{61057330-BF94-4C47-A3BC-494BD48217E6}.Debug|iPhone.ActiveCfg = Debug|Any CPU
		{61057330-BF94-4C47-A3BC-494BD48217E6}.Debug|iPhone.Build.0 = Debug|Any CPU
		{61057330-BF94-4C47-A3BC-494BD48217E6}.Debug|iPhone.Deploy.0 = Debug|Any CPU
		{61057330-BF94-4C47-A3BC-494BD48217E6}.Debug|iPhoneSimulator.ActiveCfg = Debug|Any CPU
		{61057330-BF94-4C47-A3BC-494BD48217E6}.Debug|iPhoneSimulator.Build.0 = Debug|Any CPU
		{61057330-BF94-4C47-A3BC-494BD48217E6}.Debug|iPhoneSimulator.Deploy.0 = Debug|Any CPU
		{61057330-BF94-4C47-A3BC-494BD48217E6}.Release|Any CPU.ActiveCfg = Release|Any CPU
		{61057330-BF94-4C47-A3BC-494BD48217E6}.Release|Any CPU.Build.0 = Release|Any CPU
		{61057330-BF94-4C47-A3BC-494BD48217E6}.Release|Any CPU.Deploy.0 = Release|Any CPU
		{61057330-BF94-4C47-A3BC-494BD48217E6}.Release|iPhone.ActiveCfg = Release|Any CPU
		{61057330-BF94-4C47-A3BC-494BD48217E6}.Release|iPhone.Build.0 = Release|Any CPU
		{61057330-BF94-4C47-A3BC-494BD48217E6}.Release|iPhone.Deploy.0 = Release|Any CPU
		{61057330-BF94-4C47-A3BC-494BD48217E6}.Release|iPhoneSimulator.ActiveCfg = Release|Any CPU
		{61057330-BF94-4C47-A3BC-494BD48217E6}.Release|iPhoneSimulator.Build.0 = Release|Any CPU
		{61057330-BF94-4C47-A3BC-494BD48217E6}.Release|iPhoneSimulator.Deploy.0 = Release|Any CPU
	EndGlobalSection
	GlobalSection(SolutionProperties) = preSolution
		HideSolutionNode = FALSE
	EndGlobalSection
	GlobalSection(ExtensibilityGlobals) = postSolution
		SolutionGuid = {E5F4B55A-185B-4FAD-8597-7055F00220CD}
	EndGlobalSection
EndGlobal
