
Microsoft Visual Studio Solution File, Format Version 12.00
# Visual Studio Version 16
VisualStudioVersion = 16.0.31410.357
MinimumVisualStudioVersion = 10.0.40219.1
Project("{FAE04EC0-301F-11D3-BF4B-00C04F79EFBC}") = "ToolBarApp.Android", "ToolBarApp\ToolBarApp.Android\ToolBarApp.Android.csproj", "{06F49BA5-6417-49C9-B59C-2F98E4AA3C49}"
EndProject
Project("{FAE04EC0-301F-11D3-BF4B-00C04F79EFBC}") = "ToolBarApp.iOS", "ToolBarApp\ToolBarApp.iOS\ToolBarApp.iOS.csproj", "{334BF51D-1728-42C6-8025-DD5114E7687A}"
EndProject
Project("{FAE04EC0-301F-11D3-BF4B-00C04F79EFBC}") = "ToolBarApp", "ToolBarApp\ToolBarApp\ToolBarApp.csproj", "{1157D4F8-80E1-4981-8E41-6A0B03E10AFD}"
EndProject
Global
	GlobalSection(SolutionConfigurationPlatforms) = preSolution
		Debug|Any CPU = Debug|Any CPU
		Debug|iPhone = Debug|iPhone
		Debug|iPhoneSimulator = Debug|iPhoneSimulator
		Release|Any CPU = Release|Any CPU
		Release|iPhone = Release|iPhone
		Release|iPhoneSimulator = Release|iPhoneSimulator
	EndGlobalSection
	GlobalSection(ProjectConfigurationPlatforms) = postSolution
		{06F49BA5-6417-49C9-B59C-2F98E4AA3C49}.Debug|Any CPU.ActiveCfg = Debug|Any CPU
		{06F49BA5-6417-49C9-B59C-2F98E4AA3C49}.Debug|Any CPU.Build.0 = Debug|Any CPU
		{06F49BA5-6417-49C9-B59C-2F98E4AA3C49}.Debug|Any CPU.Deploy.0 = Debug|Any CPU
		{06F49BA5-6417-49C9-B59C-2F98E4AA3C49}.Debug|iPhone.ActiveCfg = Debug|Any CPU
		{06F49BA5-6417-49C9-B59C-2F98E4AA3C49}.Debug|iPhone.Build.0 = Debug|Any CPU
		{06F49BA5-6417-49C9-B59C-2F98E4AA3C49}.Debug|iPhone.Deploy.0 = Debug|Any CPU
		{06F49BA5-6417-49C9-B59C-2F98E4AA3C49}.Debug|iPhoneSimulator.ActiveCfg = Debug|Any CPU
		{06F49BA5-6417-49C9-B59C-2F98E4AA3C49}.Debug|iPhoneSimulator.Build.0 = Debug|Any CPU
		{06F49BA5-6417-49C9-B59C-2F98E4AA3C49}.Debug|iPhoneSimulator.Deploy.0 = Debug|Any CPU
		{06F49BA5-6417-49C9-B59C-2F98E4AA3C49}.Release|Any CPU.ActiveCfg = Release|Any CPU
		{06F49BA5-6417-49C9-B59C-2F98E4AA3C49}.Release|Any CPU.Build.0 = Release|Any CPU
		{06F49BA5-6417-49C9-B59C-2F98E4AA3C49}.Release|Any CPU.Deploy.0 = Release|Any CPU
		{06F49BA5-6417-49C9-B59C-2F98E4AA3C49}.Release|iPhone.ActiveCfg = Release|Any CPU
		{06F49BA5-6417-49C9-B59C-2F98E4AA3C49}.Release|iPhone.Build.0 = Release|Any CPU
		{06F49BA5-6417-49C9-B59C-2F98E4AA3C49}.Release|iPhone.Deploy.0 = Release|Any CPU
		{06F49BA5-6417-49C9-B59C-2F98E4AA3C49}.Release|iPhoneSimulator.ActiveCfg = Release|Any CPU
		{06F49BA5-6417-49C9-B59C-2F98E4AA3C49}.Release|iPhoneSimulator.Build.0 = Release|Any CPU
		{06F49BA5-6417-49C9-B59C-2F98E4AA3C49}.Release|iPhoneSimulator.Deploy.0 = Release|Any CPU
		{334BF51D-1728-42C6-8025-DD5114E7687A}.Debug|Any CPU.ActiveCfg = Debug|iPhone
		{334BF51D-1728-42C6-8025-DD5114E7687A}.Debug|Any CPU.Build.0 = Debug|iPhone
		{334BF51D-1728-42C6-8025-DD5114E7687A}.Debug|Any CPU.Deploy.0 = Debug|iPhone
		{334BF51D-1728-42C6-8025-DD5114E7687A}.Debug|iPhone.ActiveCfg = Debug|iPhone
		{334BF51D-1728-42C6-8025-DD5114E7687A}.Debug|iPhone.Build.0 = Debug|iPhone
		{334BF51D-1728-42C6-8025-DD5114E7687A}.Debug|iPhone.Deploy.0 = Debug|iPhone
		{334BF51D-1728-42C6-8025-DD5114E7687A}.Debug|iPhoneSimulator.ActiveCfg = Debug|iPhoneSimulator
		{334BF51D-1728-42C6-8025-DD5114E7687A}.Debug|iPhoneSimulator.Build.0 = Debug|iPhoneSimulator
		{334BF51D-1728-42C6-8025-DD5114E7687A}.Debug|iPhoneSimulator.Deploy.0 = Debug|iPhoneSimulator
		{334BF51D-1728-42C6-8025-DD5114E7687A}.Release|Any CPU.ActiveCfg = Release|iPhoneSimulator
		{334BF51D-1728-42C6-8025-DD5114E7687A}.Release|Any CPU.Build.0 = Release|iPhoneSimulator
		{334BF51D-1728-42C6-8025-DD5114E7687A}.Release|Any CPU.Deploy.0 = Release|iPhoneSimulator
		{334BF51D-1728-42C6-8025-DD5114E7687A}.Release|iPhone.ActiveCfg = Release|iPhone
		{334BF51D-1728-42C6-8025-DD5114E7687A}.Release|iPhone.Build.0 = Release|iPhone
		{334BF51D-1728-42C6-8025-DD5114E7687A}.Release|iPhone.Deploy.0 = Release|iPhone
		{334BF51D-1728-42C6-8025-DD5114E7687A}.Release|iPhoneSimulator.ActiveCfg = Release|iPhoneSimulator
		{334BF51D-1728-42C6-8025-DD5114E7687A}.Release|iPhoneSimulator.Build.0 = Release|iPhoneSimulator
		{334BF51D-1728-42C6-8025-DD5114E7687A}.Release|iPhoneSimulator.Deploy.0 = Release|iPhoneSimulator
		{1157D4F8-80E1-4981-8E41-6A0B03E10AFD}.Debug|Any CPU.ActiveCfg = Debug|Any CPU
		{1157D4F8-80E1-4981-8E41-6A0B03E10AFD}.Debug|Any CPU.Build.0 = Debug|Any CPU
		{1157D4F8-80E1-4981-8E41-6A0B03E10AFD}.Debug|Any CPU.Deploy.0 = Debug|Any CPU
		{1157D4F8-80E1-4981-8E41-6A0B03E10AFD}.Debug|iPhone.ActiveCfg = Debug|Any CPU
		{1157D4F8-80E1-4981-8E41-6A0B03E10AFD}.Debug|iPhone.Build.0 = Debug|Any CPU
		{1157D4F8-80E1-4981-8E41-6A0B03E10AFD}.Debug|iPhone.Deploy.0 = Debug|Any CPU
		{1157D4F8-80E1-4981-8E41-6A0B03E10AFD}.Debug|iPhoneSimulator.ActiveCfg = Debug|Any CPU
		{1157D4F8-80E1-4981-8E41-6A0B03E10AFD}.Debug|iPhoneSimulator.Build.0 = Debug|Any CPU
		{1157D4F8-80E1-4981-8E41-6A0B03E10AFD}.Debug|iPhoneSimulator.Deploy.0 = Debug|Any CPU
		{1157D4F8-80E1-4981-8E41-6A0B03E10AFD}.Release|Any CPU.ActiveCfg = Release|Any CPU
		{1157D4F8-80E1-4981-8E41-6A0B03E10AFD}.Release|Any CPU.Build.0 = Release|Any CPU
		{1157D4F8-80E1-4981-8E41-6A0B03E10AFD}.Release|Any CPU.Deploy.0 = Release|Any CPU
		{1157D4F8-80E1-4981-8E41-6A0B03E10AFD}.Release|iPhone.ActiveCfg = Release|Any CPU
		{1157D4F8-80E1-4981-8E41-6A0B03E10AFD}.Release|iPhone.Build.0 = Release|Any CPU
		{1157D4F8-80E1-4981-8E41-6A0B03E10AFD}.Release|iPhone.Deploy.0 = Release|Any CPU
		{1157D4F8-80E1-4981-8E41-6A0B03E10AFD}.Release|iPhoneSimulator.ActiveCfg = Release|Any CPU
		{1157D4F8-80E1-4981-8E41-6A0B03E10AFD}.Release|iPhoneSimulator.Build.0 = Release|Any CPU
		{1157D4F8-80E1-4981-8E41-6A0B03E10AFD}.Release|iPhoneSimulator.Deploy.0 = Release|Any CPU
	EndGlobalSection
	GlobalSection(SolutionProperties) = preSolution
		HideSolutionNode = FALSE
	EndGlobalSection
	GlobalSection(ExtensibilityGlobals) = postSolution
		SolutionGuid = {AD570220-D3A0-4396-B2D4-0CD1AA50AF4F}
	EndGlobalSection
EndGlobal
